// !$*UTF8*$!
{
	archiveVersion = 1;
	classes = {
	};
	objectVersion = 56;
	objects = {

/* Begin PBXBuildFile section */
		1CA80AC13D192EBBFCD3B516 /* PhotosLibraryService.swift in Sources */ = {isa = PBXBuildFile; fileRef = A8468BE05BF043F9FF7E5706 /* PhotosLibraryService.swift */; };
		432DD49F40365EA5EAEBFD23 /* VaultDetailView.swift in Sources */ = {isa = PBXBuildFile; fileRef = C5C904A396A6B1968CDD78D9 /* VaultDetailView.swift */; };
		9849B4552EB9893D00B17DAC /* SecretVaultApp.swift in Sources */ = {isa = PBXBuildFile; fileRef = 9849B4542EB9893D00B17DAC /* SecretVaultApp.swift */; };
		9849B4572EB9893D00B17DAC /* ContentView.swift in Sources */ = {isa = PBXBuildFile; fileRef = 9849B4562EB9893D00B17DAC /* ContentView.swift */; };
		9849B4592EB9893F00B17DAC /* Assets.xcassets in Resources */ = {isa = PBXBuildFile; fileRef = 9849B4582EB9893F00B17DAC /* Assets.xcassets */; };
		9849B45C2EB9893F00B17DAC /* Preview Assets.xcassets in Resources */ = {isa = PBXBuildFile; fileRef = 9849B45B2EB9893F00B17DAC /* Preview Assets.xcassets */; };
		98ECB7912EB9D9C8004030D1 /* AppIcon.appiconset in Resources */ = {isa = PBXBuildFile; fileRef = 98ECB7902EB9D9C8004030D1 /* AppIcon.appiconset */; };
		AA11BB2233CC44DD55EE66FF /* SetupPasswordView.swift in Sources */ = {isa = PBXBuildFile; fileRef = BB22CC3344DD55EE66FF77AA /* SetupPasswordView.swift */; };
		CC33DD4455EE66FF77AA88BB /* MainVaultView.swift in Sources */ = {isa = PBXBuildFile; fileRef = DD44EE5566FF77AA88BB99CC /* MainVaultView.swift */; };
		E48BBB324071974C8BE48D0D /* VaultManager.swift in Sources */ = {isa = PBXBuildFile; fileRef = 9F96EA3625074B045C751E84 /* VaultManager.swift */; };
		F9B0EAD109417F32CF3B7D50 /* UnlockView.swift in Sources */ = {isa = PBXBuildFile; fileRef = D4C068CD08B70A6DBEA00400 /* UnlockView.swift */; };
/* End PBXBuildFile section */

/* Begin PBXFileReference section */
		9849B4512EB9893D00B17DAC /* SecretVault.app */ = {isa = PBXFileReference; explicitFileType = wrapper.application; includeInIndex = 0; path = SecretVault.app; sourceTree = BUILT_PRODUCTS_DIR; };
		9849B4542EB9893D00B17DAC /* SecretVaultApp.swift */ = {isa = PBXFileReference; lastKnownFileType = sourcecode.swift; path = SecretVaultApp.swift; sourceTree = "<group>"; };
		9849B4562EB9893D00B17DAC /* ContentView.swift */ = {isa = PBXFileReference; lastKnownFileType = sourcecode.swift; path = ContentView.swift; sourceTree = "<group>"; };
		9849B4582EB9893F00B17DAC /* Assets.xcassets */ = {isa = PBXFileReference; lastKnownFileType = folder.assetcatalog; path = Assets.xcassets; sourceTree = "<group>"; };
		9849B45B2EB9893F00B17DAC /* Preview Assets.xcassets */ = {isa = PBXFileReference; lastKnownFileType = folder.assetcatalog; path = "Preview Assets.xcassets"; sourceTree = "<group>"; };
		9849B45D2EB9893F00B17DAC /* SecretVault.entitlements */ = {isa = PBXFileReference; lastKnownFileType = text.plist.entitlements; path = SecretVault.entitlements; sourceTree = "<group>"; };
		98ECB7902EB9D9C8004030D1 /* AppIcon.appiconset */ = {isa = PBXFileReference; lastKnownFileType = folder; name = AppIcon.appiconset; path = "../../../../../../var/folders/hz/vk4ky4bx0g7cd1srklygx36h0000gn/T/com.goodsnooze.bakery/5C80F3D8-CC37-42D5-84CA-74723F9B4FD2-68436-0000057B251CEF37/AppIcon.appiconset"; sourceTree = "<group>"; };
		9F96EA3625074B045C751E84 /* VaultManager.swift */ = {isa = PBXFileReference; lastKnownFileType = sourcecode.swift; path = VaultManager.swift; sourceTree = "<group>"; };
		A8468BE05BF043F9FF7E5706 /* PhotosLibraryService.swift */ = {isa = PBXFileReference; lastKnownFileType = sourcecode.swift; path = PhotosLibraryService.swift; sourceTree = "<group>"; };
		BB22CC3344DD55EE66FF77AA /* SetupPasswordView.swift */ = {isa = PBXFileReference; lastKnownFileType = sourcecode.swift; path = SetupPasswordView.swift; sourceTree = "<group>"; };
		C5C904A396A6B1968CDD78D9 /* VaultDetailView.swift */ = {isa = PBXFileReference; lastKnownFileType = sourcecode.swift; path = VaultDetailView.swift; sourceTree = "<group>"; };
		CF9ADA530C59D1A9B3039479 /* Info.plist */ = {isa = PBXFileReference; lastKnownFileType = text.plist.xml; path = Info.plist; sourceTree = "<group>"; };
		D4C068CD08B70A6DBEA00400 /* UnlockView.swift */ = {isa = PBXFileReference; lastKnownFileType = sourcecode.swift; path = UnlockView.swift; sourceTree = "<group>"; };
		DD44EE5566FF77AA88BB99CC /* MainVaultView.swift */ = {isa = PBXFileReference; lastKnownFileType = sourcecode.swift; path = MainVaultView.swift; sourceTree = "<group>"; };
/* End PBXFileReference section */

/* Begin PBXFrameworksBuildPhase section */
		9849B44E2EB9893D00B17DAC /* Frameworks */ = {
			isa = PBXFrameworksBuildPhase;
			buildActionMask = 2147483647;
			files = (
			);
			runOnlyForDeploymentPostprocessing = 0;
		};
/* End PBXFrameworksBuildPhase section */

/* Begin PBXGroup section */
		9849B4482EB9893C00B17DAC = {
			isa = PBXGroup;
			children = (
				9849B4532EB9893D00B17DAC /* SecretVault */,
				9849B4522EB9893D00B17DAC /* Products */,
			);
			sourceTree = "<group>";
		};
		9849B4522EB9893D00B17DAC /* Products */ = {
			isa = PBXGroup;
			children = (
				9849B4512EB9893D00B17DAC /* SecretVault.app */,
			);
			name = Products;
			sourceTree = "<group>";
		};
		9849B4532EB9893D00B17DAC /* SecretVault */ = {
			isa = PBXGroup;
			children = (
				9849B4542EB9893D00B17DAC /* SecretVaultApp.swift */,
				9849B4562EB9893D00B17DAC /* ContentView.swift */,
				CF9ADA530C59D1A9B3039479 /* Info.plist */,
				A8468BE05BF043F9FF7E5706 /* PhotosLibraryService.swift */,
				C5C904A396A6B1968CDD78D9 /* VaultDetailView.swift */,
				D4C068CD08B70A6DBEA00400 /* UnlockView.swift */,
				BB22CC3344DD55EE66FF77AA /* SetupPasswordView.swift */,
				DD44EE5566FF77AA88BB99CC /* MainVaultView.swift */,
				9F96EA3625074B045C751E84 /* VaultManager.swift */,
				9849B4582EB9893F00B17DAC /* Assets.xcassets */,
				98ECB7902EB9D9C8004030D1 /* AppIcon.appiconset */,
				9849B45D2EB9893F00B17DAC /* SecretVault.entitlements */,
				9849B45A2EB9893F00B17DAC /* Preview Content */,
			);
			path = SecretVault;
			sourceTree = "<group>";
		};
		9849B45A2EB9893F00B17DAC /* Preview Content */ = {
			isa = PBXGroup;
			children = (
				9849B45B2EB9893F00B17DAC /* Preview Assets.xcassets */,
			);
			path = "Preview Content";
			sourceTree = "<group>";
		};
/* End PBXGroup section */

/* Begin PBXNativeTarget section */
		9849B4502EB9893D00B17DAC /* SecretVault */ = {
			isa = PBXNativeTarget;
			buildConfigurationList = 9849B4602EB9893F00B17DAC /* Build configuration list for PBXNativeTarget "SecretVault" */;
			buildPhases = (
				9849B44D2EB9893D00B17DAC /* Sources */,
				9849B44E2EB9893D00B17DAC /* Frameworks */,
				9849B44F2EB9893D00B17DAC /* Resources */,
			);
			buildRules = (
			);
			dependencies = (
			);
			name = SecretVault;
			productName = SecretVault;
			productReference = 9849B4512EB9893D00B17DAC /* SecretVault.app */;
			productType = "com.apple.product-type.application";
		};
/* End PBXNativeTarget section */

/* Begin PBXProject section */
		9849B4492EB9893C00B17DAC /* Project object */ = {
			isa = PBXProject;
			attributes = {
				BuildIndependentTargetsInParallel = 1;
				LastSwiftUpdateCheck = 1520;
				LastUpgradeCheck = 1520;
				TargetAttributes = {
					9849B4502EB9893D00B17DAC = {
						CreatedOnToolsVersion = 15.2;
					};
				};
			};
			buildConfigurationList = 9849B44C2EB9893C00B17DAC /* Build configuration list for PBXProject "SecretVault" */;
			compatibilityVersion = "Xcode 14.0";
			developmentRegion = en;
			hasScannedForEncodings = 0;
			knownRegions = (
				en,
				Base,
			);
			mainGroup = 9849B4482EB9893C00B17DAC;
			productRefGroup = 9849B4522EB9893D00B17DAC /* Products */;
			projectDirPath = "";
			projectRoot = "";
			targets = (
				9849B4502EB9893D00B17DAC /* SecretVault */,
			);
		};
/* End PBXProject section */

/* Begin PBXResourcesBuildPhase section */
		9849B44F2EB9893D00B17DAC /* Resources */ = {
			isa = PBXResourcesBuildPhase;
			buildActionMask = 2147483647;
			files = (
				98ECB7912EB9D9C8004030D1 /* AppIcon.appiconset in Resources */,
				9849B45C2EB9893F00B17DAC /* Preview Assets.xcassets in Resources */,
				9849B4592EB9893F00B17DAC /* Assets.xcassets in Resources */,
			);
			runOnlyForDeploymentPostprocessing = 0;
		};
/* End PBXResourcesBuildPhase section */

/* Begin PBXSourcesBuildPhase section */
		9849B44D2EB9893D00B17DAC /* Sources */ = {
			isa = PBXSourcesBuildPhase;
			buildActionMask = 2147483647;
			files = (
				9849B4572EB9893D00B17DAC /* ContentView.swift in Sources */,
				1CA80AC13D192EBBFCD3B516 /* PhotosLibraryService.swift in Sources */,
				432DD49F40365EA5EAEBFD23 /* VaultDetailView.swift in Sources */,
				F9B0EAD109417F32CF3B7D50 /* UnlockView.swift in Sources */,
				AA11BB2233CC44DD55EE66FF /* SetupPasswordView.swift in Sources */,
				CC33DD4455EE66FF77AA88BB /* MainVaultView.swift in Sources */,
				E48BBB324071974C8BE48D0D /* VaultManager.swift in Sources */,
				9849B4552EB9893D00B17DAC /* SecretVaultApp.swift in Sources */,
			);
			runOnlyForDeploymentPostprocessing = 0;
		};
/* End PBXSourcesBuildPhase section */

/* Begin XCBuildConfiguration section */
		9849B45E2EB9893F00B17DAC /* Debug */ = {
			isa = XCBuildConfiguration;
			buildSettings = {
				ALWAYS_SEARCH_USER_PATHS = NO;
				ASSETCATALOG_COMPILER_GENERATE_SWIFT_ASSET_SYMBOL_EXTENSIONS = YES;
				CLANG_ANALYZER_NONNULL = YES;
				CLANG_ANALYZER_NUMBER_OBJECT_CONVERSION = YES_AGGRESSIVE;
				CLANG_CXX_LANGUAGE_STANDARD = "gnu++20";
				CLANG_ENABLE_MODULES = YES;
				CLANG_ENABLE_OBJC_ARC = YES;
				CLANG_ENABLE_OBJC_WEAK = YES;
				CLANG_WARN_BLOCK_CAPTURE_AUTORELEASING = YES;
				CLANG_WARN_BOOL_CONVERSION = YES;
				CLANG_WARN_COMMA = YES;
				CLANG_WARN_CONSTANT_CONVERSION = YES;
				CLANG_WARN_DEPRECATED_OBJC_IMPLEMENTATIONS = YES;
				CLANG_WARN_DIRECT_OBJC_ISA_USAGE = YES_ERROR;
				CLANG_WARN_DOCUMENTATION_COMMENTS = YES;
				CLANG_WARN_EMPTY_BODY = YES;
				CLANG_WARN_ENUM_CONVERSION = YES;
				CLANG_WARN_INFINITE_RECURSION = YES;
				CLANG_WARN_INT_CONVERSION = YES;
				CLANG_WARN_NON_LITERAL_NULL_CONVERSION = YES;
				CLANG_WARN_OBJC_IMPLICIT_RETAIN_SELF = YES;
				CLANG_WARN_OBJC_LITERAL_CONVERSION = YES;
				CLANG_WARN_OBJC_ROOT_CLASS = YES_ERROR;
				CLANG_WARN_QUOTED_INCLUDE_IN_FRAMEWORK_HEADER = YES;
				CLANG_WARN_RANGE_LOOP_ANALYSIS = YES;
				CLANG_WARN_STRICT_PROTOTYPES = YES;
				CLANG_WARN_SUSPICIOUS_MOVE = YES;
				CLANG_WARN_UNGUARDED_AVAILABILITY = YES_AGGRESSIVE;
				CLANG_WARN_UNREACHABLE_CODE = YES;
				CLANG_WARN__DUPLICATE_METHOD_MATCH = YES;
				COPY_PHASE_STRIP = NO;
				DEBUG_INFORMATION_FORMAT = dwarf;
				ENABLE_STRICT_OBJC_MSGSEND = YES;
				ENABLE_TESTABILITY = YES;
				ENABLE_USER_SCRIPT_SANDBOXING = YES;
				GCC_C_LANGUAGE_STANDARD = gnu17;
				GCC_DYNAMIC_NO_PIC = NO;
				GCC_NO_COMMON_BLOCKS = YES;
				GCC_OPTIMIZATION_LEVEL = 0;
				GCC_PREPROCESSOR_DEFINITIONS = (
					"DEBUG=1",
					"$(inherited)",
				);
				GCC_WARN_64_TO_32_BIT_CONVERSION = YES;
				GCC_WARN_ABOUT_RETURN_TYPE = YES_ERROR;
				GCC_WARN_UNDECLARED_SELECTOR = YES;
				GCC_WARN_UNINITIALIZED_AUTOS = YES_AGGRESSIVE;
				GCC_WARN_UNUSED_FUNCTION = YES;
				GCC_WARN_UNUSED_VARIABLE = YES;
				LOCALIZATION_PREFERS_STRING_CATALOGS = YES;
				MACOSX_DEPLOYMENT_TARGET = 13.7;
				MTL_ENABLE_DEBUG_INFO = INCLUDE_SOURCE;
				MTL_FAST_MATH = YES;
				ONLY_ACTIVE_ARCH = YES;
				SDKROOT = macosx;
				SWIFT_ACTIVE_COMPILATION_CONDITIONS = "DEBUG $(inherited)";
				SWIFT_OPTIMIZATION_LEVEL = "-Onone";
			};
			name = Debug;
		};
		9849B45F2EB9893F00B17DAC /* Release */ = {
			isa = XCBuildConfiguration;
			buildSettings = {
				ALWAYS_SEARCH_USER_PATHS = NO;
				ASSETCATALOG_COMPILER_GENERATE_SWIFT_ASSET_SYMBOL_EXTENSIONS = YES;
				CLANG_ANALYZER_NONNULL = YES;
				CLANG_ANALYZER_NUMBER_OBJECT_CONVERSION = YES_AGGRESSIVE;
				CLANG_CXX_LANGUAGE_STANDARD = "gnu++20";
				CLANG_ENABLE_MODULES = YES;
				CLANG_ENABLE_OBJC_ARC = YES;
				CLANG_ENABLE_OBJC_WEAK = YES;
				CLANG_WARN_BLOCK_CAPTURE_AUTORELEASING = YES;
				CLANG_WARN_BOOL_CONVERSION = YES;
				CLANG_WARN_COMMA = YES;
				CLANG_WARN_CONSTANT_CONVERSION = YES;
				CLANG_WARN_DEPRECATED_OBJC_IMPLEMENTATIONS = YES;
				CLANG_WARN_DIRECT_OBJC_ISA_USAGE = YES_ERROR;
				CLANG_WARN_DOCUMENTATION_COMMENTS = YES;
				CLANG_WARN_EMPTY_BODY = YES;
				CLANG_WARN_ENUM_CONVERSION = YES;
				CLANG_WARN_INFINITE_RECURSION = YES;
				CLANG_WARN_INT_CONVERSION = YES;
				CLANG_WARN_NON_LITERAL_NULL_CONVERSION = YES;
				CLANG_WARN_OBJC_IMPLICIT_RETAIN_SELF = YES;
				CLANG_WARN_OBJC_LITERAL_CONVERSION = YES;
				CLANG_WARN_OBJC_ROOT_CLASS = YES_ERROR;
				CLANG_WARN_QUOTED_INCLUDE_IN_FRAMEWORK_HEADER = YES;
				CLANG_WARN_RANGE_LOOP_ANALYSIS = YES;
				CLANG_WARN_STRICT_PROTOTYPES = YES;
				CLANG_WARN_SUSPICIOUS_MOVE = YES;
				CLANG_WARN_UNGUARDED_AVAILABILITY = YES_AGGRESSIVE;
				CLANG_WARN_UNREACHABLE_CODE = YES;
				CLANG_WARN__DUPLICATE_METHOD_MATCH = YES;
				COPY_PHASE_STRIP = NO;
				DEBUG_INFORMATION_FORMAT = "dwarf-with-dsym";
				ENABLE_NS_ASSERTIONS = NO;
				ENABLE_STRICT_OBJC_MSGSEND = YES;
				ENABLE_USER_SCRIPT_SANDBOXING = YES;
				GCC_C_LANGUAGE_STANDARD = gnu17;
				GCC_NO_COMMON_BLOCKS = YES;
				GCC_WARN_64_TO_32_BIT_CONVERSION = YES;
				GCC_WARN_ABOUT_RETURN_TYPE = YES_ERROR;
				GCC_WARN_UNDECLARED_SELECTOR = YES;
				GCC_WARN_UNINITIALIZED_AUTOS = YES_AGGRESSIVE;
				GCC_WARN_UNUSED_FUNCTION = YES;
				GCC_WARN_UNUSED_VARIABLE = YES;
				LOCALIZATION_PREFERS_STRING_CATALOGS = YES;
				MACOSX_DEPLOYMENT_TARGET = 13.7;
				MTL_ENABLE_DEBUG_INFO = NO;
				MTL_FAST_MATH = YES;
				SDKROOT = macosx;
				SWIFT_COMPILATION_MODE = wholemodule;
			};
			name = Release;
		};
		9849B4612EB9893F00B17DAC /* Debug */ = {
			isa = XCBuildConfiguration;
			buildSettings = {
				ASSETCATALOG_COMPILER_APPICON_NAME = AppIcon;
				ASSETCATALOG_COMPILER_GLOBAL_ACCENT_COLOR_NAME = AccentColor;
				CODE_SIGN_ENTITLEMENTS = SecretVault/SecretVault.entitlements;
				CODE_SIGN_STYLE = Automatic;
				COMBINE_HIDPI_IMAGES = YES;
				CURRENT_PROJECT_VERSION = 1;
				DEVELOPMENT_ASSET_PATHS = "\"SecretVault/Preview Content\"";
				DEVELOPMENT_TEAM = TDWHVYP98Z;
				ENABLE_HARDENED_RUNTIME = YES;
				ENABLE_PREVIEWS = YES;
				GENERATE_INFOPLIST_FILE = NO;
				INFOPLIST_FILE = SecretVault/Info.plist;
				INFOPLIST_KEY_NSHumanReadableCopyright = "";
				LD_RUNPATH_SEARCH_PATHS = (
					"$(inherited)",
					"@executable_path/../Frameworks",
				);
				MARKETING_VERSION = 1.0;
				PRODUCT_BUNDLE_IDENTIFIER = "biz.front-end.SecretVault";
				PRODUCT_NAME = "$(TARGET_NAME)";
				SWIFT_EMIT_LOC_STRINGS = YES;
				SWIFT_VERSION = 5.0;
			};
			name = Debug;
		};
		9849B4622EB9893F00B17DAC /* Release */ = {
			isa = XCBuildConfiguration;
			buildSettings = {
				ASSETCATALOG_COMPILER_APPICON_NAME = AppIcon;
				ASSETCATALOG_COMPILER_GLOBAL_ACCENT_COLOR_NAME = AccentColor;
				CODE_SIGN_ENTITLEMENTS = SecretVault/SecretVault.entitlements;
				CODE_SIGN_STYLE = Automatic;
				COMBINE_HIDPI_IMAGES = YES;
				CURRENT_PROJECT_VERSION = 1;
				DEVELOPMENT_ASSET_PATHS = "\"SecretVault/Preview Content\"";
				DEVELOPMENT_TEAM = TDWHVYP98Z;
				ENABLE_HARDENED_RUNTIME = YES;
				ENABLE_PREVIEWS = YES;
				GENERATE_INFOPLIST_FILE = NO;
				INFOPLIST_FILE = SecretVault/Info.plist;
				INFOPLIST_KEY_NSHumanReadableCopyright = "";
				LD_RUNPATH_SEARCH_PATHS = (
					"$(inherited)",
					"@executable_path/../Frameworks",
				);
				MARKETING_VERSION = 1.0;
				PRODUCT_BUNDLE_IDENTIFIER = "biz.front-end.SecretVault";
				PRODUCT_NAME = "$(TARGET_NAME)";
				SWIFT_EMIT_LOC_STRINGS = YES;
				SWIFT_VERSION = 5.0;
			};
			name = Release;
		};
/* End XCBuildConfiguration section */

/* Begin XCConfigurationList section */
		9849B44C2EB9893C00B17DAC /* Build configuration list for PBXProject "SecretVault" */ = {
			isa = XCConfigurationList;
			buildConfigurations = (
				9849B45E2EB9893F00B17DAC /* Debug */,
				9849B45F2EB9893F00B17DAC /* Release */,
			);
			defaultConfigurationIsVisible = 0;
			defaultConfigurationName = Release;
		};
		9849B4602EB9893F00B17DAC /* Build configuration list for PBXNativeTarget "SecretVault" */ = {
			isa = XCConfigurationList;
			buildConfigurations = (
				9849B4612EB9893F00B17DAC /* Debug */,
				9849B4622EB9893F00B17DAC /* Release */,
			);
			defaultConfigurationIsVisible = 0;
			defaultConfigurationName = Release;
		};
/* End XCConfigurationList section */
	};
	rootObject = 9849B4492EB9893C00B17DAC /* Project object */;
}
